
Microsoft Visual Studio Solution File, Format Version 12.00
# Visual Studio Version 16
VisualStudioVersion = 16.0.35229.62
MinimumVisualStudioVersion = 10.0.40219.1
Project("{9A19103F-16F7-4668-BE54-9A1E7A4F7556}") = "Customize Template", "Customize Template\Customize Template.csproj", "{EB330683-49C9-4013-8B8D-AF862D8CD334}"
EndProject
Global
	GlobalSection(SolutionConfigurationPlatforms) = preSolution
		Debug|Any CPU = Debug|Any CPU
		Release|Any CPU = Release|Any CPU
	EndGlobalSection
	GlobalSection(ProjectConfigurationPlatforms) = postSolution
		{EB330683-49C9-4013-8B8D-AF862D8CD334}.Debug|Any CPU.ActiveCfg = Debug|Any CPU
		{EB330683-49C9-4013-8B8D-AF862D8CD334}.Debug|Any CPU.Build.0 = Debug|Any CPU
		{EB330683-49C9-4013-8B8D-AF862D8CD334}.Release|Any CPU.ActiveCfg = Release|Any CPU
		{EB330683-49C9-4013-8B8D-AF862D8CD334}.Release|Any CPU.Build.0 = Release|Any CPU
	EndGlobalSection
	GlobalSection(SolutionProperties) = preSolution
		HideSolutionNode = FALSE
	EndGlobalSection
	GlobalSection(ExtensibilityGlobals) = postSolution
		SolutionGuid = {B4DDB354-DD74-41BE-B83A-275E65B5CB55}
	EndGlobalSection
EndGlobal
